
Microsoft Visual Studio Solution File, Format Version 12.00
# Visual Studio Version 16
VisualStudioVersion = 16.0.32929.386
MinimumVisualStudioVersion = 10.0.40219.1
Project("{8BC9CEB8-8B4A-11D0-8D11-00A0C91BC942}") = "Multi Tool By Lyonzon", "Multi Tool By Lyonzon\Multi Tool By Lyonzon.vcxproj", "{E9BE41C1-353C-4C3B-9CEB-87FBF3399F46}"
EndProject
Global
	GlobalSection(SolutionConfigurationPlatforms) = preSolution
		Debug|x64 = Debug|x64
		Debug|x86 = Debug|x86
		Release|x64 = Release|x64
		Release|x86 = Release|x86
	EndGlobalSection
	GlobalSection(ProjectConfigurationPlatforms) = postSolution
		{E9BE41C1-353C-4C3B-9CEB-87FBF3399F46}.Debug|x64.ActiveCfg = Debug|x64
		{E9BE41C1-353C-4C3B-9CEB-87FBF3399F46}.Debug|x64.Build.0 = Debug|x64
		{E9BE41C1-353C-4C3B-9CEB-87FBF3399F46}.Debug|x86.ActiveCfg = Debug|Win32
		{E9BE41C1-353C-4C3B-9CEB-87FBF3399F46}.Debug|x86.Build.0 = Debug|Win32
		{E9BE41C1-353C-4C3B-9CEB-87FBF3399F46}.Release|x64.ActiveCfg = Release|x64
		{E9BE41C1-353C-4C3B-9CEB-87FBF3399F46}.Release|x64.Build.0 = Release|x64
		{E9BE41C1-353C-4C3B-9CEB-87FBF3399F46}.Release|x86.ActiveCfg = Release|Win32
		{E9BE41C1-353C-4C3B-9CEB-87FBF3399F46}.Release|x86.Build.0 = Release|Win32
	EndGlobalSection
	GlobalSection(SolutionProperties) = preSolution
		HideSolutionNode = FALSE
	EndGlobalSection
	GlobalSection(ExtensibilityGlobals) = postSolution
		SolutionGuid = {06CE2ADB-6815-40C7-AE2F-61124D11BFC9}
	EndGlobalSection
EndGlobal
